
Microsoft Visual Studio Solution File, Format Version 12.00
# Visual Studio 15
VisualStudioVersion = 15.0.28010.2041
MinimumVisualStudioVersion = 10.0.40219.1
Project("{FAE04EC0-301F-11D3-BF4B-00C04F79EFBC}") = "CubicleJockey.StringExtensions", "CubicleJockey.StringExtensions\CubicleJockey.StringExtensions.csproj", "{D7ACC245-68EE-4E28-A60F-070C5B1C6D86}"
EndProject
Project("{FAE04EC0-301F-11D3-BF4B-00C04F79EFBC}") = "CubicleJockey.StringExtensions.Tests", "CubicleJockey.StringExtensions.Tests\CubicleJockey.StringExtensions.Tests.csproj", "{1C432194-2046-434B-A751-C1C879D64D25}"
EndProject
Project("{2150E333-8FDC-42A3-9474-1A3956D46DE8}") = "Solution Items", "Solution Items", "{0278E2AD-94C3-4281-8462-1FBE519846E7}"
	ProjectSection(SolutionItems) = preProject
		..\.gitattributes = ..\.gitattributes
		..\.gitignore = ..\.gitignore
		..\LICENSE = ..\LICENSE
		..\README.md = ..\README.md
	EndProjectSection
EndProject
Global
	GlobalSection(SolutionConfigurationPlatforms) = preSolution
		Debug|Any CPU = Debug|Any CPU
		Release|Any CPU = Release|Any CPU
	EndGlobalSection
	GlobalSection(ProjectConfigurationPlatforms) = postSolution
		{D7ACC245-68EE-4E28-A60F-070C5B1C6D86}.Debug|Any CPU.ActiveCfg = Debug|Any CPU
		{D7ACC245-68EE-4E28-A60F-070C5B1C6D86}.Debug|Any CPU.Build.0 = Debug|Any CPU
		{D7ACC245-68EE-4E28-A60F-070C5B1C6D86}.Release|Any CPU.ActiveCfg = Release|Any CPU
		{D7ACC245-68EE-4E28-A60F-070C5B1C6D86}.Release|Any CPU.Build.0 = Release|Any CPU
		{1C432194-2046-434B-A751-C1C879D64D25}.Debug|Any CPU.ActiveCfg = Debug|Any CPU
		{1C432194-2046-434B-A751-C1C879D64D25}.Debug|Any CPU.Build.0 = Debug|Any CPU
		{1C432194-2046-434B-A751-C1C879D64D25}.Release|Any CPU.ActiveCfg = Release|Any CPU
		{1C432194-2046-434B-A751-C1C879D64D25}.Release|Any CPU.Build.0 = Release|Any CPU
	EndGlobalSection
	GlobalSection(SolutionProperties) = preSolution
		HideSolutionNode = FALSE
	EndGlobalSection
	GlobalSection(ExtensibilityGlobals) = postSolution
		SolutionGuid = {1085F673-CB56-4DFD-BA2F-EB7785C848F8}
	EndGlobalSection
EndGlobal
